
Microsoft Visual Studio Solution File, Format Version 12.00
# Visual Studio Version 16
VisualStudioVersion = 16.0.29509.3
MinimumVisualStudioVersion = 10.0.40219.1
Project("{FAE04EC0-301F-11D3-BF4B-00C04F79EFBC}") = "InLooxApiExamples", "InLooxApiExamples\InLooxApiExamples.csproj", "{87B84D52-2098-4BD2-B252-3BBFCD749C25}"
EndProject
Global
	GlobalSection(SolutionConfigurationPlatforms) = preSolution
		Debug|Any CPU = Debug|Any CPU
		Release|Any CPU = Release|Any CPU
	EndGlobalSection
	GlobalSection(ProjectConfigurationPlatforms) = postSolution
		{87B84D52-2098-4BD2-B252-3BBFCD749C25}.Debug|Any CPU.ActiveCfg = Debug|Any CPU
		{87B84D52-2098-4BD2-B252-3BBFCD749C25}.Debug|Any CPU.Build.0 = Debug|Any CPU
		{87B84D52-2098-4BD2-B252-3BBFCD749C25}.Release|Any CPU.ActiveCfg = Release|Any CPU
		{87B84D52-2098-4BD2-B252-3BBFCD749C25}.Release|Any CPU.Build.0 = Release|Any CPU
	EndGlobalSection
	GlobalSection(SolutionProperties) = preSolution
		HideSolutionNode = FALSE
	EndGlobalSection
	GlobalSection(ExtensibilityGlobals) = postSolution
		SolutionGuid = {E7D8B37D-8487-44B0-9CC0-E93D46B6542C}
	EndGlobalSection
EndGlobal
